
Microsoft Visual Studio Solution File, Format Version 12.00
# Visual Studio Version 16
VisualStudioVersion = 16.0.28922.388
MinimumVisualStudioVersion = 10.0.40219.1
Project("{FAE04EC0-301F-11D3-BF4B-00C04F79EFBC}") = "flappy bird maturski rad", "flappy bird maturski rad\flappy bird maturski rad.csproj", "{EDC8628B-97D7-44F2-9937-B312BEC88ADC}"
EndProject
Global
	GlobalSection(SolutionConfigurationPlatforms) = preSolution
		Debug|Any CPU = Debug|Any CPU
		Release|Any CPU = Release|Any CPU
	EndGlobalSection
	GlobalSection(ProjectConfigurationPlatforms) = postSolution
		{EDC8628B-97D7-44F2-9937-B312BEC88ADC}.Debug|Any CPU.ActiveCfg = Debug|Any CPU
		{EDC8628B-97D7-44F2-9937-B312BEC88ADC}.Debug|Any CPU.Build.0 = Debug|Any CPU
		{EDC8628B-97D7-44F2-9937-B312BEC88ADC}.Release|Any CPU.ActiveCfg = Release|Any CPU
		{EDC8628B-97D7-44F2-9937-B312BEC88ADC}.Release|Any CPU.Build.0 = Release|Any CPU
	EndGlobalSection
	GlobalSection(SolutionProperties) = preSolution
		HideSolutionNode = FALSE
	EndGlobalSection
	GlobalSection(ExtensibilityGlobals) = postSolution
		SolutionGuid = {E95595AC-E1C6-4B40-BA6E-2A744B6D96B5}
	EndGlobalSection
EndGlobal
